
Microsoft Visual Studio Solution File, Format Version 12.00
Project("{FAE04EC0-301F-11D3-BF4B-00C04F79EFBC}") = "Aurora", "src\Aurora\Aurora.csproj", "{B64F91CE-75DB-42AE-A665-BA08279A55F2}"
EndProject
Project("{FAE04EC0-301F-11D3-BF4B-00C04F79EFBC}") = "Aurora.Generators", "src\Aurora.Generators\Aurora.Generators.csproj", "{EE2356DD-A0AD-49A9-BD5E-DDA43888746D}"
EndProject
Global
	GlobalSection(SolutionConfigurationPlatforms) = preSolution
		Debug|Any CPU = Debug|Any CPU
		Release|Any CPU = Release|Any CPU
	EndGlobalSection
	GlobalSection(ProjectConfigurationPlatforms) = postSolution
		{B64F91CE-75DB-42AE-A665-BA08279A55F2}.Debug|Any CPU.ActiveCfg = Debug|Any CPU
		{B64F91CE-75DB-42AE-A665-BA08279A55F2}.Debug|Any CPU.Build.0 = Debug|Any CPU
		{B64F91CE-75DB-42AE-A665-BA08279A55F2}.Release|Any CPU.ActiveCfg = Release|Any CPU
		{B64F91CE-75DB-42AE-A665-BA08279A55F2}.Release|Any CPU.Build.0 = Release|Any CPU
		{EE2356DD-A0AD-49A9-BD5E-DDA43888746D}.Debug|Any CPU.ActiveCfg = Debug|Any CPU
		{EE2356DD-A0AD-49A9-BD5E-DDA43888746D}.Debug|Any CPU.Build.0 = Debug|Any CPU
		{EE2356DD-A0AD-49A9-BD5E-DDA43888746D}.Release|Any CPU.ActiveCfg = Release|Any CPU
		{EE2356DD-A0AD-49A9-BD5E-DDA43888746D}.Release|Any CPU.Build.0 = Release|Any CPU
	EndGlobalSection
EndGlobal
